
Microsoft Visual Studio Solution File, Format Version 12.00
Project("{F2A71F9B-5D33-465A-A702-920D77279786}") = "ConsumePlugin", "ConsumePlugin\ConsumePlugin.fsproj", "{0D174482-9CB2-448A-8BA8-846FAEC65579}"
EndProject
Project("{F2A71F9B-5D33-465A-A702-920D77279786}") = "WoofWare.Myriad.Plugins", "WoofWare.Myriad.Plugins\WoofWare.Myriad.Plugins.fsproj", "{DB86C53B-4090-4791-884B-024C5759855F}"
EndProject
Project("{F2A71F9B-5D33-465A-A702-920D77279786}") = "WoofWare.Myriad.Plugins.Test", "WoofWare.Myriad.Plugins.Test\WoofWare.Myriad.Plugins.Test.fsproj", "{EBFFA5D3-7F74-4824-8795-B6194E6FE0CB}"
EndProject
Project("{F2A71F9B-5D33-465A-A702-920D77279786}") = "WoofWare.Myriad.Plugins.Attributes", "WoofWare.Myriad.Plugins.Attributes\WoofWare.Myriad.Plugins.Attributes.fsproj", "{17548737-9BAB-4B1E-B680-76D47C343AAC}"
EndProject
Project("{F2A71F9B-5D33-465A-A702-920D77279786}") = "WoofWare.Myriad.Plugins.Attributes.Test", "WoofWare.Myriad.Plugins.Attributes\Test\WoofWare.Myriad.Plugins.Attributes.Test.fsproj", "{26DC0C94-85F2-45B4-8FA1-1B27201F7AFB}"
EndProject
Project("{F2A71F9B-5D33-465A-A702-920D77279786}") = "WoofWare.Whippet.Core", "..\WoofWare.Whippet\WoofWare.Whippet.Core\WoofWare.Whippet.Core.fsproj", "{0831FDF4-9BCB-4595-8432-E90111AB98A2}"
EndProject
Global
	GlobalSection(SolutionConfigurationPlatforms) = preSolution
		Debug|Any CPU = Debug|Any CPU
		Release|Any CPU = Release|Any CPU
	EndGlobalSection
	GlobalSection(ProjectConfigurationPlatforms) = postSolution
		{0D174482-9CB2-448A-8BA8-846FAEC65579}.Debug|Any CPU.ActiveCfg = Debug|Any CPU
		{0D174482-9CB2-448A-8BA8-846FAEC65579}.Debug|Any CPU.Build.0 = Debug|Any CPU
		{0D174482-9CB2-448A-8BA8-846FAEC65579}.Release|Any CPU.ActiveCfg = Release|Any CPU
		{0D174482-9CB2-448A-8BA8-846FAEC65579}.Release|Any CPU.Build.0 = Release|Any CPU
		{DB86C53B-4090-4791-884B-024C5759855F}.Debug|Any CPU.ActiveCfg = Debug|Any CPU
		{DB86C53B-4090-4791-884B-024C5759855F}.Debug|Any CPU.Build.0 = Debug|Any CPU
		{DB86C53B-4090-4791-884B-024C5759855F}.Release|Any CPU.ActiveCfg = Release|Any CPU
		{DB86C53B-4090-4791-884B-024C5759855F}.Release|Any CPU.Build.0 = Release|Any CPU
		{EBFFA5D3-7F74-4824-8795-B6194E6FE0CB}.Debug|Any CPU.ActiveCfg = Debug|Any CPU
		{EBFFA5D3-7F74-4824-8795-B6194E6FE0CB}.Debug|Any CPU.Build.0 = Debug|Any CPU
		{EBFFA5D3-7F74-4824-8795-B6194E6FE0CB}.Release|Any CPU.ActiveCfg = Release|Any CPU
		{EBFFA5D3-7F74-4824-8795-B6194E6FE0CB}.Release|Any CPU.Build.0 = Release|Any CPU
		{17548737-9BAB-4B1E-B680-76D47C343AAC}.Debug|Any CPU.ActiveCfg = Debug|Any CPU
		{17548737-9BAB-4B1E-B680-76D47C343AAC}.Debug|Any CPU.Build.0 = Debug|Any CPU
		{17548737-9BAB-4B1E-B680-76D47C343AAC}.Release|Any CPU.ActiveCfg = Release|Any CPU
		{17548737-9BAB-4B1E-B680-76D47C343AAC}.Release|Any CPU.Build.0 = Release|Any CPU
		{26DC0C94-85F2-45B4-8FA1-1B27201F7AFB}.Debug|Any CPU.ActiveCfg = Debug|Any CPU
		{26DC0C94-85F2-45B4-8FA1-1B27201F7AFB}.Debug|Any CPU.Build.0 = Debug|Any CPU
		{26DC0C94-85F2-45B4-8FA1-1B27201F7AFB}.Release|Any CPU.ActiveCfg = Release|Any CPU
		{26DC0C94-85F2-45B4-8FA1-1B27201F7AFB}.Release|Any CPU.Build.0 = Release|Any CPU
		{0831FDF4-9BCB-4595-8432-E90111AB98A2}.Debug|Any CPU.ActiveCfg = Debug|Any CPU
		{0831FDF4-9BCB-4595-8432-E90111AB98A2}.Debug|Any CPU.Build.0 = Debug|Any CPU
		{0831FDF4-9BCB-4595-8432-E90111AB98A2}.Release|Any CPU.ActiveCfg = Release|Any CPU
		{0831FDF4-9BCB-4595-8432-E90111AB98A2}.Release|Any CPU.Build.0 = Release|Any CPU
	EndGlobalSection
EndGlobal
